github.com/dimitrisdervas/hugo_create_pages v0.0.0-20220215193425-b99f9692ec4c h1:VZioWoj+SSng1XTzdWMB0DP8XLx5TKNVQdcBunL0ivA=
github.com/dimitrisdervas/hugo_create_pages v0.0.0-20220215193425-b99f9692ec4c/go.mod h1:7X3n+WlmjK7Txswrm/nmWnCxbgui5VEBMITBuscKNik=
github.com/dimitrisdervas/hugo_create_pages v0.0.0-20220215195109-320609b5caa4 h1:yp2hugh2+AfJvEk3UUGNW7cbf6D2j7MKDCIL9vvVN+A=
github.com/dimitrisdervas/hugo_create_pages v0.0.0-20220215195109-320609b5caa4/go.mod h1:7X3n+WlmjK7Txswrm/nmWnCxbgui5VEBMITBuscKNik=
